// !$*UTF8*$!
{
	archiveVersion = 1;
	classes = {
	};
	objectVersion = 46;
	objects = {

/* Begin PBXBuildFile section */
		6D59CD6117B3C32000FE11DE /* TWMatrixItem.m in Sources */ = {isa = PBXBuildFile; fileRef = 6D59CD6017B3C32000FE11DE /* TWMatrixItem.m */; };
		6D59CD6217B3C32000FE11DE /* TWMatrixItem.m in Sources */ = {isa = PBXBuildFile; fileRef = 6D59CD6017B3C32000FE11DE /* TWMatrixItem.m */; };
		6D5CEDCF17B136FB0014EAB1 /* UIKit.framework in Frameworks */ = {isa = PBXBuildFile; fileRef = 6D5CEDCE17B136FB0014EAB1 /* UIKit.framework */; };
		6D5CEDD117B136FB0014EAB1 /* Foundation.framework in Frameworks */ = {isa = PBXBuildFile; fileRef = 6D5CEDD017B136FB0014EAB1 /* Foundation.framework */; };
		6D5CEDD317B136FB0014EAB1 /* CoreGraphics.framework in Frameworks */ = {isa = PBXBuildFile; fileRef = 6D5CEDD217B136FB0014EAB1 /* CoreGraphics.framework */; };
		6D5CEDD917B136FB0014EAB1 /* InfoPlist.strings in Resources */ = {isa = PBXBuildFile; fileRef = 6D5CEDD717B136FB0014EAB1 /* InfoPlist.strings */; };
		6D5CEDDB17B136FB0014EAB1 /* main.m in Sources */ = {isa = PBXBuildFile; fileRef = 6D5CEDDA17B136FB0014EAB1 /* main.m */; };
		6D5CEDDF17B136FB0014EAB1 /* TWAppDelegate.m in Sources */ = {isa = PBXBuildFile; fileRef = 6D5CEDDE17B136FB0014EAB1 /* TWAppDelegate.m */; };
		6D5CEDE117B136FB0014EAB1 /* Default.png in Resources */ = {isa = PBXBuildFile; fileRef = 6D5CEDE017B136FB0014EAB1 /* Default.png */; };
		6D5CEDE317B136FB0014EAB1 /* Default@2x.png in Resources */ = {isa = PBXBuildFile; fileRef = 6D5CEDE217B136FB0014EAB1 /* Default@2x.png */; };
		6D5CEDE517B136FB0014EAB1 /* Default-568h@2x.png in Resources */ = {isa = PBXBuildFile; fileRef = 6D5CEDE417B136FB0014EAB1 /* Default-568h@2x.png */; };
		6D5CEDF017B13A640014EAB1 /* UIKit.framework in Frameworks */ = {isa = PBXBuildFile; fileRef = 6D5CEDCE17B136FB0014EAB1 /* UIKit.framework */; };
		6D5CEDF117B13A640014EAB1 /* Foundation.framework in Frameworks */ = {isa = PBXBuildFile; fileRef = 6D5CEDD017B136FB0014EAB1 /* Foundation.framework */; };
		6D5CEDF217B13A640014EAB1 /* CoreGraphics.framework in Frameworks */ = {isa = PBXBuildFile; fileRef = 6D5CEDD217B136FB0014EAB1 /* CoreGraphics.framework */; };
		6D5CEDF817B13A640014EAB1 /* InfoPlist.strings in Resources */ = {isa = PBXBuildFile; fileRef = 6D5CEDF617B13A640014EAB1 /* InfoPlist.strings */; };
		6D5CEDFA17B13A640014EAB1 /* main.m in Sources */ = {isa = PBXBuildFile; fileRef = 6D5CEDF917B13A640014EAB1 /* main.m */; };
		6D5CEE0017B13A640014EAB1 /* Default.png in Resources */ = {isa = PBXBuildFile; fileRef = 6D5CEDFF17B13A640014EAB1 /* Default.png */; };
		6D5CEE0217B13A640014EAB1 /* Default@2x.png in Resources */ = {isa = PBXBuildFile; fileRef = 6D5CEE0117B13A640014EAB1 /* Default@2x.png */; };
		6D5CEE0417B13A640014EAB1 /* Default-568h@2x.png in Resources */ = {isa = PBXBuildFile; fileRef = 6D5CEE0317B13A640014EAB1 /* Default-568h@2x.png */; };
		6D5CEE0B17B13DC60014EAB1 /* QuartzCore.framework in Frameworks */ = {isa = PBXBuildFile; fileRef = 6D5CEE0A17B13DC60014EAB1 /* QuartzCore.framework */; };
		6D5CEE0F17B13EB60014EAB1 /* TWRestAPI.m in Sources */ = {isa = PBXBuildFile; fileRef = 6D5CEE0E17B13EB60014EAB1 /* TWRestAPI.m */; };
		6D5CEE1017B13EB60014EAB1 /* TWRestAPI.m in Sources */ = {isa = PBXBuildFile; fileRef = 6D5CEE0E17B13EB60014EAB1 /* TWRestAPI.m */; };
		6D5CEE1317B13ECE0014EAB1 /* TWRestDefines.m in Sources */ = {isa = PBXBuildFile; fileRef = 6D5CEE1217B13ECE0014EAB1 /* TWRestDefines.m */; };
		6D5CEE1417B13ECE0014EAB1 /* TWRestDefines.m in Sources */ = {isa = PBXBuildFile; fileRef = 6D5CEE1217B13ECE0014EAB1 /* TWRestDefines.m */; };
		6D5CEE1717B13F410014EAB1 /* TWRestHTTPClient.m in Sources */ = {isa = PBXBuildFile; fileRef = 6D5CEE1617B13F410014EAB1 /* TWRestHTTPClient.m */; };
		6D5CEE1817B13F410014EAB1 /* TWRestHTTPClient.m in Sources */ = {isa = PBXBuildFile; fileRef = 6D5CEE1617B13F410014EAB1 /* TWRestHTTPClient.m */; };
		6D5CEE1C17B1900E0014EAB1 /* TWRepo.m in Sources */ = {isa = PBXBuildFile; fileRef = 6D5CEE1B17B1900E0014EAB1 /* TWRepo.m */; };
		6D5CEE1D17B1900E0014EAB1 /* TWRepo.m in Sources */ = {isa = PBXBuildFile; fileRef = 6D5CEE1B17B1900E0014EAB1 /* TWRepo.m */; };
		6D5CEE2117B199320014EAB1 /* TWParser.m in Sources */ = {isa = PBXBuildFile; fileRef = 6D5CEE2017B199320014EAB1 /* TWParser.m */; };
		6D5CEE2217B199320014EAB1 /* TWParser.m in Sources */ = {isa = PBXBuildFile; fileRef = 6D5CEE2017B199320014EAB1 /* TWParser.m */; };
		6D5CEE2517B1996A0014EAB1 /* TWRepoCollection.m in Sources */ = {isa = PBXBuildFile; fileRef = 6D5CEE2417B1996A0014EAB1 /* TWRepoCollection.m */; };
		6D5CEE2617B1996A0014EAB1 /* TWRepoCollection.m in Sources */ = {isa = PBXBuildFile; fileRef = 6D5CEE2417B1996A0014EAB1 /* TWRepoCollection.m */; };
		6D5CEE2A17B25A840014EAB1 /* TWUtils.m in Sources */ = {isa = PBXBuildFile; fileRef = 6D5CEE2917B25A840014EAB1 /* TWUtils.m */; };
		6D5CEE2B17B25A840014EAB1 /* TWUtils.m in Sources */ = {isa = PBXBuildFile; fileRef = 6D5CEE2917B25A840014EAB1 /* TWUtils.m */; };
		6D5CEE3417B260ED0014EAB1 /* TWTestRestAPI.m in Sources */ = {isa = PBXBuildFile; fileRef = 6D5CEE3317B260ED0014EAB1 /* TWTestRestAPI.m */; };
		6D5CEE3717B278700014EAB1 /* TWRepoDetails.m in Sources */ = {isa = PBXBuildFile; fileRef = 6D5CEE3617B278700014EAB1 /* TWRepoDetails.m */; };
		6D5CEE3817B278700014EAB1 /* TWRepoDetails.m in Sources */ = {isa = PBXBuildFile; fileRef = 6D5CEE3617B278700014EAB1 /* TWRepoDetails.m */; };
		6D5CEE3B17B286910014EAB1 /* TWBuild.m in Sources */ = {isa = PBXBuildFile; fileRef = 6D5CEE3A17B286910014EAB1 /* TWBuild.m */; };
		6D5CEE3C17B286910014EAB1 /* TWBuild.m in Sources */ = {isa = PBXBuildFile; fileRef = 6D5CEE3A17B286910014EAB1 /* TWBuild.m */; };
		6D5CEE3F17B28DE30014EAB1 /* TWBuildCollection.m in Sources */ = {isa = PBXBuildFile; fileRef = 6D5CEE3E17B28DE30014EAB1 /* TWBuildCollection.m */; };
		6D5CEE4017B28DE30014EAB1 /* TWBuildCollection.m in Sources */ = {isa = PBXBuildFile; fileRef = 6D5CEE3E17B28DE30014EAB1 /* TWBuildCollection.m */; };
		6D5CEE4317B2C99D0014EAB1 /* TWBuildDetails.m in Sources */ = {isa = PBXBuildFile; fileRef = 6D5CEE4217B2C99C0014EAB1 /* TWBuildDetails.m */; };
		6D5CEE4417B2C99D0014EAB1 /* TWBuildDetails.m in Sources */ = {isa = PBXBuildFile; fileRef = 6D5CEE4217B2C99C0014EAB1 /* TWBuildDetails.m */; };
		6D5CEE4717B398E00014EAB1 /* TWMatrixConfig.m in Sources */ = {isa = PBXBuildFile; fileRef = 6D5CEE4617B398E00014EAB1 /* TWMatrixConfig.m */; };
		6D5CEE4817B398E00014EAB1 /* TWMatrixConfig.m in Sources */ = {isa = PBXBuildFile; fileRef = 6D5CEE4617B398E00014EAB1 /* TWMatrixConfig.m */; };
		E9D11346C71849BCB17F62C4 /* libPods.a in Frameworks */ = {isa = PBXBuildFile; fileRef = 32004CC9230D4A9F94CF10D6 /* libPods.a */; };
		F376210534D54D0E81662040 /* libPods-test.a in Frameworks */ = {isa = PBXBuildFile; fileRef = 5289ED9F43EE436681811220 /* libPods-test.a */; };
/* End PBXBuildFile section */

/* Begin PBXFileReference section */
		32004CC9230D4A9F94CF10D6 /* libPods.a */ = {isa = PBXFileReference; explicitFileType = archive.ar; includeInIndex = 0; path = libPods.a; sourceTree = BUILT_PRODUCTS_DIR; };
		3B9ED187ED5A499AAD7FFDEE /* Pods-test.xcconfig */ = {isa = PBXFileReference; includeInIndex = 1; lastKnownFileType = text.xcconfig; name = "Pods-test.xcconfig"; path = "Pods/Pods-test.xcconfig"; sourceTree = SOURCE_ROOT; };
		5289ED9F43EE436681811220 /* libPods-test.a */ = {isa = PBXFileReference; explicitFileType = archive.ar; includeInIndex = 0; path = "libPods-test.a"; sourceTree = BUILT_PRODUCTS_DIR; };
		6D59CD5F17B3C32000FE11DE /* TWMatrixItem.h */ = {isa = PBXFileReference; fileEncoding = 4; lastKnownFileType = sourcecode.c.h; path = TWMatrixItem.h; sourceTree = "<group>"; };
		6D59CD6017B3C32000FE11DE /* TWMatrixItem.m */ = {isa = PBXFileReference; fileEncoding = 4; lastKnownFileType = sourcecode.c.objc; path = TWMatrixItem.m; sourceTree = "<group>"; };
		6D5CEDCB17B136FB0014EAB1 /* TravisCIWrapper.app */ = {isa = PBXFileReference; explicitFileType = wrapper.application; includeInIndex = 0; path = TravisCIWrapper.app; sourceTree = BUILT_PRODUCTS_DIR; };
		6D5CEDCE17B136FB0014EAB1 /* UIKit.framework */ = {isa = PBXFileReference; lastKnownFileType = wrapper.framework; name = UIKit.framework; path = System/Library/Frameworks/UIKit.framework; sourceTree = SDKROOT; };
		6D5CEDD017B136FB0014EAB1 /* Foundation.framework */ = {isa = PBXFileReference; lastKnownFileType = wrapper.framework; name = Foundation.framework; path = System/Library/Frameworks/Foundation.framework; sourceTree = SDKROOT; };
		6D5CEDD217B136FB0014EAB1 /* CoreGraphics.framework */ = {isa = PBXFileReference; lastKnownFileType = wrapper.framework; name = CoreGraphics.framework; path = System/Library/Frameworks/CoreGraphics.framework; sourceTree = SDKROOT; };
		6D5CEDD617B136FB0014EAB1 /* TravisCIWrapper-Info.plist */ = {isa = PBXFileReference; lastKnownFileType = text.plist.xml; path = "TravisCIWrapper-Info.plist"; sourceTree = "<group>"; };
		6D5CEDD817B136FB0014EAB1 /* en */ = {isa = PBXFileReference; lastKnownFileType = text.plist.strings; name = en; path = en.lproj/InfoPlist.strings; sourceTree = "<group>"; };
		6D5CEDDA17B136FB0014EAB1 /* main.m */ = {isa = PBXFileReference; lastKnownFileType = sourcecode.c.objc; path = main.m; sourceTree = "<group>"; };
		6D5CEDDC17B136FB0014EAB1 /* TravisCIWrapper-Prefix.pch */ = {isa = PBXFileReference; lastKnownFileType = sourcecode.c.h; path = "TravisCIWrapper-Prefix.pch"; sourceTree = "<group>"; };
		6D5CEDDD17B136FB0014EAB1 /* TWAppDelegate.h */ = {isa = PBXFileReference; lastKnownFileType = sourcecode.c.h; path = TWAppDelegate.h; sourceTree = "<group>"; };
		6D5CEDDE17B136FB0014EAB1 /* TWAppDelegate.m */ = {isa = PBXFileReference; lastKnownFileType = sourcecode.c.objc; path = TWAppDelegate.m; sourceTree = "<group>"; };
		6D5CEDE017B136FB0014EAB1 /* Default.png */ = {isa = PBXFileReference; lastKnownFileType = image.png; path = Default.png; sourceTree = "<group>"; };
		6D5CEDE217B136FB0014EAB1 /* Default@2x.png */ = {isa = PBXFileReference; lastKnownFileType = image.png; path = "Default@2x.png"; sourceTree = "<group>"; };
		6D5CEDE417B136FB0014EAB1 /* Default-568h@2x.png */ = {isa = PBXFileReference; lastKnownFileType = image.png; path = "Default-568h@2x.png"; sourceTree = "<group>"; };
		6D5CEDEF17B13A640014EAB1 /* TravisCIWrapperTests.app */ = {isa = PBXFileReference; explicitFileType = wrapper.application; includeInIndex = 0; path = TravisCIWrapperTests.app; sourceTree = BUILT_PRODUCTS_DIR; };
		6D5CEDF517B13A640014EAB1 /* TravisCIWrapperTests-Info.plist */ = {isa = PBXFileReference; lastKnownFileType = text.plist.xml; path = "TravisCIWrapperTests-Info.plist"; sourceTree = "<group>"; };
		6D5CEDF717B13A640014EAB1 /* en */ = {isa = PBXFileReference; lastKnownFileType = text.plist.strings; name = en; path = en.lproj/InfoPlist.strings; sourceTree = "<group>"; };
		6D5CEDF917B13A640014EAB1 /* main.m */ = {isa = PBXFileReference; lastKnownFileType = sourcecode.c.objc; path = main.m; sourceTree = "<group>"; };
		6D5CEDFB17B13A640014EAB1 /* TravisCIWrapperTests-Prefix.pch */ = {isa = PBXFileReference; lastKnownFileType = sourcecode.c.h; path = "TravisCIWrapperTests-Prefix.pch"; sourceTree = "<group>"; };
		6D5CEDFF17B13A640014EAB1 /* Default.png */ = {isa = PBXFileReference; lastKnownFileType = image.png; path = Default.png; sourceTree = "<group>"; };
		6D5CEE0117B13A640014EAB1 /* Default@2x.png */ = {isa = PBXFileReference; lastKnownFileType = image.png; path = "Default@2x.png"; sourceTree = "<group>"; };
		6D5CEE0317B13A640014EAB1 /* Default-568h@2x.png */ = {isa = PBXFileReference; lastKnownFileType = image.png; path = "Default-568h@2x.png"; sourceTree = "<group>"; };
		6D5CEE0A17B13DC60014EAB1 /* QuartzCore.framework */ = {isa = PBXFileReference; lastKnownFileType = wrapper.framework; name = QuartzCore.framework; path = System/Library/Frameworks/QuartzCore.framework; sourceTree = SDKROOT; };
		6D5CEE0D17B13EB60014EAB1 /* TWRestAPI.h */ = {isa = PBXFileReference; fileEncoding = 4; lastKnownFileType = sourcecode.c.h; path = TWRestAPI.h; sourceTree = "<group>"; };
		6D5CEE0E17B13EB60014EAB1 /* TWRestAPI.m */ = {isa = PBXFileReference; fileEncoding = 4; lastKnownFileType = sourcecode.c.objc; path = TWRestAPI.m; sourceTree = "<group>"; };
		6D5CEE1117B13ECE0014EAB1 /* TWRestDefines.h */ = {isa = PBXFileReference; fileEncoding = 4; lastKnownFileType = sourcecode.c.h; path = TWRestDefines.h; sourceTree = "<group>"; };
		6D5CEE1217B13ECE0014EAB1 /* TWRestDefines.m */ = {isa = PBXFileReference; fileEncoding = 4; lastKnownFileType = sourcecode.c.objc; path = TWRestDefines.m; sourceTree = "<group>"; };
		6D5CEE1517B13F410014EAB1 /* TWRestHTTPClient.h */ = {isa = PBXFileReference; fileEncoding = 4; lastKnownFileType = sourcecode.c.h; path = TWRestHTTPClient.h; sourceTree = "<group>"; };
		6D5CEE1617B13F410014EAB1 /* TWRestHTTPClient.m */ = {isa = PBXFileReference; fileEncoding = 4; lastKnownFileType = sourcecode.c.objc; path = TWRestHTTPClient.m; sourceTree = "<group>"; };
		6D5CEE1A17B1900E0014EAB1 /* TWRepo.h */ = {isa = PBXFileReference; fileEncoding = 4; lastKnownFileType = sourcecode.c.h; path = TWRepo.h; sourceTree = "<group>"; };
		6D5CEE1B17B1900E0014EAB1 /* TWRepo.m */ = {isa = PBXFileReference; fileEncoding = 4; lastKnownFileType = sourcecode.c.objc; path = TWRepo.m; sourceTree = "<group>"; };
		6D5CEE1F17B199320014EAB1 /* TWParser.h */ = {isa = PBXFileReference; fileEncoding = 4; lastKnownFileType = sourcecode.c.h; path = TWParser.h; sourceTree = "<group>"; };
		6D5CEE2017B199320014EAB1 /* TWParser.m */ = {isa = PBXFileReference; fileEncoding = 4; lastKnownFileType = sourcecode.c.objc; path = TWParser.m; sourceTree = "<group>"; };
		6D5CEE2317B1996A0014EAB1 /* TWRepoCollection.h */ = {isa = PBXFileReference; fileEncoding = 4; lastKnownFileType = sourcecode.c.h; path = TWRepoCollection.h; sourceTree = "<group>"; };
		6D5CEE2417B1996A0014EAB1 /* TWRepoCollection.m */ = {isa = PBXFileReference; fileEncoding = 4; lastKnownFileType = sourcecode.c.objc; path = TWRepoCollection.m; sourceTree = "<group>"; };
		6D5CEE2817B25A840014EAB1 /* TWUtils.h */ = {isa = PBXFileReference; fileEncoding = 4; lastKnownFileType = sourcecode.c.h; path = TWUtils.h; sourceTree = "<group>"; };
		6D5CEE2917B25A840014EAB1 /* TWUtils.m */ = {isa = PBXFileReference; fileEncoding = 4; lastKnownFileType = sourcecode.c.objc; path = TWUtils.m; sourceTree = "<group>"; };
		6D5CEE3317B260ED0014EAB1 /* TWTestRestAPI.m */ = {isa = PBXFileReference; fileEncoding = 4; lastKnownFileType = sourcecode.c.objc; path = TWTestRestAPI.m; sourceTree = "<group>"; };
		6D5CEE3517B278700014EAB1 /* TWRepoDetails.h */ = {isa = PBXFileReference; fileEncoding = 4; lastKnownFileType = sourcecode.c.h; path = TWRepoDetails.h; sourceTree = "<group>"; };
		6D5CEE3617B278700014EAB1 /* TWRepoDetails.m */ = {isa = PBXFileReference; fileEncoding = 4; lastKnownFileType = sourcecode.c.objc; path = TWRepoDetails.m; sourceTree = "<group>"; };
		6D5CEE3917B286910014EAB1 /* TWBuild.h */ = {isa = PBXFileReference; fileEncoding = 4; lastKnownFileType = sourcecode.c.h; path = TWBuild.h; sourceTree = "<group>"; };
		6D5CEE3A17B286910014EAB1 /* TWBuild.m */ = {isa = PBXFileReference; fileEncoding = 4; lastKnownFileType = sourcecode.c.objc; path = TWBuild.m; sourceTree = "<group>"; };
		6D5CEE3D17B28DE20014EAB1 /* TWBuildCollection.h */ = {isa = PBXFileReference; fileEncoding = 4; lastKnownFileType = sourcecode.c.h; path = TWBuildCollection.h; sourceTree = "<group>"; };
		6D5CEE3E17B28DE30014EAB1 /* TWBuildCollection.m */ = {isa = PBXFileReference; fileEncoding = 4; lastKnownFileType = sourcecode.c.objc; path = TWBuildCollection.m; sourceTree = "<group>"; };
		6D5CEE4117B2C99C0014EAB1 /* TWBuildDetails.h */ = {isa = PBXFileReference; fileEncoding = 4; lastKnownFileType = sourcecode.c.h; path = TWBuildDetails.h; sourceTree = "<group>"; };
		6D5CEE4217B2C99C0014EAB1 /* TWBuildDetails.m */ = {isa = PBXFileReference; fileEncoding = 4; lastKnownFileType = sourcecode.c.objc; path = TWBuildDetails.m; sourceTree = "<group>"; };
		6D5CEE4517B398DF0014EAB1 /* TWMatrixConfig.h */ = {isa = PBXFileReference; fileEncoding = 4; lastKnownFileType = sourcecode.c.h; path = TWMatrixConfig.h; sourceTree = "<group>"; };
		6D5CEE4617B398E00014EAB1 /* TWMatrixConfig.m */ = {isa = PBXFileReference; fileEncoding = 4; lastKnownFileType = sourcecode.c.objc; path = TWMatrixConfig.m; sourceTree = "<group>"; };
		C05377ED74EE40E78F31EAA5 /* Pods.xcconfig */ = {isa = PBXFileReference; includeInIndex = 1; lastKnownFileType = text.xcconfig; name = Pods.xcconfig; path = Pods/Pods.xcconfig; sourceTree = SOURCE_ROOT; };
/* End PBXFileReference section */

/* Begin PBXFrameworksBuildPhase section */
		6D5CEDC817B136FB0014EAB1 /* Frameworks */ = {
			isa = PBXFrameworksBuildPhase;
			buildActionMask = 2147483647;
			files = (
				6D5CEDCF17B136FB0014EAB1 /* UIKit.framework in Frameworks */,
				6D5CEDD117B136FB0014EAB1 /* Foundation.framework in Frameworks */,
				6D5CEDD317B136FB0014EAB1 /* CoreGraphics.framework in Frameworks */,
				E9D11346C71849BCB17F62C4 /* libPods.a in Frameworks */,
			);
			runOnlyForDeploymentPostprocessing = 0;
		};
		6D5CEDEC17B13A640014EAB1 /* Frameworks */ = {
			isa = PBXFrameworksBuildPhase;
			buildActionMask = 2147483647;
			files = (
				6D5CEE0B17B13DC60014EAB1 /* QuartzCore.framework in Frameworks */,
				6D5CEDF017B13A640014EAB1 /* UIKit.framework in Frameworks */,
				6D5CEDF117B13A640014EAB1 /* Foundation.framework in Frameworks */,
				6D5CEDF217B13A640014EAB1 /* CoreGraphics.framework in Frameworks */,
				F376210534D54D0E81662040 /* libPods-test.a in Frameworks */,
			);
			runOnlyForDeploymentPostprocessing = 0;
		};
/* End PBXFrameworksBuildPhase section */

/* Begin PBXGroup section */
		6D5CEDC217B136FB0014EAB1 = {
			isa = PBXGroup;
			children = (
				6D5CEDD417B136FB0014EAB1 /* TravisCIWrapper */,
				6D5CEDF317B13A640014EAB1 /* TravisCIWrapperTests */,
				6D5CEDCD17B136FB0014EAB1 /* Frameworks */,
				6D5CEDCC17B136FB0014EAB1 /* Products */,
				C05377ED74EE40E78F31EAA5 /* Pods.xcconfig */,
				3B9ED187ED5A499AAD7FFDEE /* Pods-test.xcconfig */,
			);
			sourceTree = "<group>";
		};
		6D5CEDCC17B136FB0014EAB1 /* Products */ = {
			isa = PBXGroup;
			children = (
				6D5CEDCB17B136FB0014EAB1 /* TravisCIWrapper.app */,
				6D5CEDEF17B13A640014EAB1 /* TravisCIWrapperTests.app */,
			);
			name = Products;
			sourceTree = "<group>";
		};
		6D5CEDCD17B136FB0014EAB1 /* Frameworks */ = {
			isa = PBXGroup;
			children = (
				6D5CEE0A17B13DC60014EAB1 /* QuartzCore.framework */,
				6D5CEDCE17B136FB0014EAB1 /* UIKit.framework */,
				6D5CEDD017B136FB0014EAB1 /* Foundation.framework */,
				6D5CEDD217B136FB0014EAB1 /* CoreGraphics.framework */,
				32004CC9230D4A9F94CF10D6 /* libPods.a */,
				5289ED9F43EE436681811220 /* libPods-test.a */,
			);
			name = Frameworks;
			sourceTree = "<group>";
		};
		6D5CEDD417B136FB0014EAB1 /* TravisCIWrapper */ = {
			isa = PBXGroup;
			children = (
				6D5CEE0C17B13E870014EAB1 /* Framework */,
				6D5CEDDD17B136FB0014EAB1 /* TWAppDelegate.h */,
				6D5CEDDE17B136FB0014EAB1 /* TWAppDelegate.m */,
				6D5CEDD517B136FB0014EAB1 /* Supporting Files */,
			);
			path = TravisCIWrapper;
			sourceTree = "<group>";
		};
		6D5CEDD517B136FB0014EAB1 /* Supporting Files */ = {
			isa = PBXGroup;
			children = (
				6D5CEDD617B136FB0014EAB1 /* TravisCIWrapper-Info.plist */,
				6D5CEDD717B136FB0014EAB1 /* InfoPlist.strings */,
				6D5CEDDA17B136FB0014EAB1 /* main.m */,
				6D5CEDDC17B136FB0014EAB1 /* TravisCIWrapper-Prefix.pch */,
				6D5CEDE017B136FB0014EAB1 /* Default.png */,
				6D5CEDE217B136FB0014EAB1 /* Default@2x.png */,
				6D5CEDE417B136FB0014EAB1 /* Default-568h@2x.png */,
			);
			name = "Supporting Files";
			sourceTree = "<group>";
		};
		6D5CEDF317B13A640014EAB1 /* TravisCIWrapperTests */ = {
			isa = PBXGroup;
			children = (
				6D5CEDF417B13A640014EAB1 /* Supporting Files */,
				6D5CEE3317B260ED0014EAB1 /* TWTestRestAPI.m */,
			);
			path = TravisCIWrapperTests;
			sourceTree = "<group>";
		};
		6D5CEDF417B13A640014EAB1 /* Supporting Files */ = {
			isa = PBXGroup;
			children = (
				6D5CEDF517B13A640014EAB1 /* TravisCIWrapperTests-Info.plist */,
				6D5CEDF617B13A640014EAB1 /* InfoPlist.strings */,
				6D5CEDF917B13A640014EAB1 /* main.m */,
				6D5CEDFB17B13A640014EAB1 /* TravisCIWrapperTests-Prefix.pch */,
				6D5CEDFF17B13A640014EAB1 /* Default.png */,
				6D5CEE0117B13A640014EAB1 /* Default@2x.png */,
				6D5CEE0317B13A640014EAB1 /* Default-568h@2x.png */,
			);
			name = "Supporting Files";
			sourceTree = "<group>";
		};
		6D5CEE0C17B13E870014EAB1 /* Framework */ = {
			isa = PBXGroup;
			children = (
				6D5CEE2717B25A780014EAB1 /* Utils */,
				6D5CEE1E17B199170014EAB1 /* Parser */,
				6D5CEE1917B18FD40014EAB1 /* Models */,
				6D5CEE0D17B13EB60014EAB1 /* TWRestAPI.h */,
				6D5CEE0E17B13EB60014EAB1 /* TWRestAPI.m */,
				6D5CEE1117B13ECE0014EAB1 /* TWRestDefines.h */,
				6D5CEE1217B13ECE0014EAB1 /* TWRestDefines.m */,
				6D5CEE1517B13F410014EAB1 /* TWRestHTTPClient.h */,
				6D5CEE1617B13F410014EAB1 /* TWRestHTTPClient.m */,
			);
			path = Framework;
			sourceTree = "<group>";
		};
		6D5CEE1917B18FD40014EAB1 /* Models */ = {
			isa = PBXGroup;
			children = (
				6D5CEE1A17B1900E0014EAB1 /* TWRepo.h */,
				6D5CEE1B17B1900E0014EAB1 /* TWRepo.m */,
				6D5CEE2317B1996A0014EAB1 /* TWRepoCollection.h */,
				6D5CEE2417B1996A0014EAB1 /* TWRepoCollection.m */,
				6D5CEE3517B278700014EAB1 /* TWRepoDetails.h */,
				6D5CEE3617B278700014EAB1 /* TWRepoDetails.m */,
				6D5CEE3917B286910014EAB1 /* TWBuild.h */,
				6D5CEE3A17B286910014EAB1 /* TWBuild.m */,
				6D5CEE3D17B28DE20014EAB1 /* TWBuildCollection.h */,
				6D5CEE3E17B28DE30014EAB1 /* TWBuildCollection.m */,
				6D5CEE4117B2C99C0014EAB1 /* TWBuildDetails.h */,
				6D5CEE4217B2C99C0014EAB1 /* TWBuildDetails.m */,
				6D5CEE4517B398DF0014EAB1 /* TWMatrixConfig.h */,
				6D5CEE4617B398E00014EAB1 /* TWMatrixConfig.m */,
				6D59CD5F17B3C32000FE11DE /* TWMatrixItem.h */,
				6D59CD6017B3C32000FE11DE /* TWMatrixItem.m */,
			);
			name = Models;
			sourceTree = "<group>";
		};
		6D5CEE1E17B199170014EAB1 /* Parser */ = {
			isa = PBXGroup;
			children = (
				6D5CEE1F17B199320014EAB1 /* TWParser.h */,
				6D5CEE2017B199320014EAB1 /* TWParser.m */,
			);
			name = Parser;
			sourceTree = "<group>";
		};
		6D5CEE2717B25A780014EAB1 /* Utils */ = {
			isa = PBXGroup;
			children = (
				6D5CEE2817B25A840014EAB1 /* TWUtils.h */,
				6D5CEE2917B25A840014EAB1 /* TWUtils.m */,
			);
			name = Utils;
			sourceTree = "<group>";
		};
/* End PBXGroup section */

/* Begin PBXNativeTarget section */
		6D5CEDCA17B136FB0014EAB1 /* TravisCIWrapper */ = {
			isa = PBXNativeTarget;
			buildConfigurationList = 6D5CEDE817B136FB0014EAB1 /* Build configuration list for PBXNativeTarget "TravisCIWrapper" */;
			buildPhases = (
				F7F49A3F29A44312BACA180F /* Check Pods Manifest.lock */,
				6D5CEDC717B136FB0014EAB1 /* Sources */,
				6D5CEDC817B136FB0014EAB1 /* Frameworks */,
				6D5CEDC917B136FB0014EAB1 /* Resources */,
				3E68CF4F307047AEAB7B4BB1 /* Copy Pods Resources */,
			);
			buildRules = (
			);
			dependencies = (
			);
			name = TravisCIWrapper;
			productName = TravisCIWrapper;
			productReference = 6D5CEDCB17B136FB0014EAB1 /* TravisCIWrapper.app */;
			productType = "com.apple.product-type.application";
		};
		6D5CEDEE17B13A640014EAB1 /* TravisCIWrapperTests */ = {
			isa = PBXNativeTarget;
			buildConfigurationList = 6D5CEE0717B13A640014EAB1 /* Build configuration list for PBXNativeTarget "TravisCIWrapperTests" */;
			buildPhases = (
				4E6F2C0D96A845A7A23F46A6 /* Check Pods Manifest.lock */,
				6D5CEDEB17B13A640014EAB1 /* Sources */,
				6D5CEDEC17B13A640014EAB1 /* Frameworks */,
				6D5CEDED17B13A640014EAB1 /* Resources */,
				31C6FB103849491B8C1A988C /* Copy Pods Resources */,
			);
			buildRules = (
			);
			dependencies = (
			);
			name = TravisCIWrapperTests;
			productName = TravisCIWrapperTests;
			productReference = 6D5CEDEF17B13A640014EAB1 /* TravisCIWrapperTests.app */;
			productType = "com.apple.product-type.application";
		};
/* End PBXNativeTarget section */

/* Begin PBXProject section */
		6D5CEDC317B136FB0014EAB1 /* Project object */ = {
			isa = PBXProject;
			attributes = {
				CLASSPREFIX = TW;
				LastUpgradeCheck = 0460;
				ORGANIZATIONNAME = asantos;
			};
			buildConfigurationList = 6D5CEDC617B136FB0014EAB1 /* Build configuration list for PBXProject "TravisCIWrapper" */;
			compatibilityVersion = "Xcode 3.2";
			developmentRegion = English;
			hasScannedForEncodings = 0;
			knownRegions = (
				en,
			);
			mainGroup = 6D5CEDC217B136FB0014EAB1;
			productRefGroup = 6D5CEDCC17B136FB0014EAB1 /* Products */;
			projectDirPath = "";
			projectRoot = "";
			targets = (
				6D5CEDCA17B136FB0014EAB1 /* TravisCIWrapper */,
				6D5CEDEE17B13A640014EAB1 /* TravisCIWrapperTests */,
			);
		};
/* End PBXProject section */

/* Begin PBXResourcesBuildPhase section */
		6D5CEDC917B136FB0014EAB1 /* Resources */ = {
			isa = PBXResourcesBuildPhase;
			buildActionMask = 2147483647;
			files = (
				6D5CEDD917B136FB0014EAB1 /* InfoPlist.strings in Resources */,
				6D5CEDE117B136FB0014EAB1 /* Default.png in Resources */,
				6D5CEDE317B136FB0014EAB1 /* Default@2x.png in Resources */,
				6D5CEDE517B136FB0014EAB1 /* Default-568h@2x.png in Resources */,
			);
			runOnlyForDeploymentPostprocessing = 0;
		};
		6D5CEDED17B13A640014EAB1 /* Resources */ = {
			isa = PBXResourcesBuildPhase;
			buildActionMask = 2147483647;
			files = (
				6D5CEDF817B13A640014EAB1 /* InfoPlist.strings in Resources */,
				6D5CEE0017B13A640014EAB1 /* Default.png in Resources */,
				6D5CEE0217B13A640014EAB1 /* Default@2x.png in Resources */,
				6D5CEE0417B13A640014EAB1 /* Default-568h@2x.png in Resources */,
			);
			runOnlyForDeploymentPostprocessing = 0;
		};
/* End PBXResourcesBuildPhase section */

/* Begin PBXShellScriptBuildPhase section */
		31C6FB103849491B8C1A988C /* Copy Pods Resources */ = {
			isa = PBXShellScriptBuildPhase;
			buildActionMask = 2147483647;
			files = (
			);
			inputPaths = (
			);
			name = "Copy Pods Resources";
			outputPaths = (
			);
			runOnlyForDeploymentPostprocessing = 0;
			shellPath = /bin/sh;
			shellScript = "\"${SRCROOT}/Pods/Pods-test-resources.sh\"\n";
			showEnvVarsInLog = 0;
		};
		3E68CF4F307047AEAB7B4BB1 /* Copy Pods Resources */ = {
			isa = PBXShellScriptBuildPhase;
			buildActionMask = 2147483647;
			files = (
			);
			inputPaths = (
			);
			name = "Copy Pods Resources";
			outputPaths = (
			);
			runOnlyForDeploymentPostprocessing = 0;
			shellPath = /bin/sh;
			shellScript = "\"${SRCROOT}/Pods/Pods-resources.sh\"\n";
			showEnvVarsInLog = 0;
		};
		4E6F2C0D96A845A7A23F46A6 /* Check Pods Manifest.lock */ = {
			isa = PBXShellScriptBuildPhase;
			buildActionMask = 2147483647;
			files = (
			);
			inputPaths = (
			);
			name = "Check Pods Manifest.lock";
			outputPaths = (
			);
			runOnlyForDeploymentPostprocessing = 0;
			shellPath = /bin/sh;
			shellScript = "diff \"${PODS_ROOT}/../Podfile.lock\" \"${PODS_ROOT}/Manifest.lock\" > /dev/null\nif [[ $? != 0 ]] ; then\n    cat << EOM\nerror: The sandbox is not in sync with the Podfile.lock. Run 'pod install' or update your CocoaPods installation.\nEOM\n    exit 1\nfi\n";
			showEnvVarsInLog = 0;
		};
		F7F49A3F29A44312BACA180F /* Check Pods Manifest.lock */ = {
			isa = PBXShellScriptBuildPhase;
			buildActionMask = 2147483647;
			files = (
			);
			inputPaths = (
			);
			name = "Check Pods Manifest.lock";
			outputPaths = (
			);
			runOnlyForDeploymentPostprocessing = 0;
			shellPath = /bin/sh;
			shellScript = "diff \"${PODS_ROOT}/../Podfile.lock\" \"${PODS_ROOT}/Manifest.lock\" > /dev/null\nif [[ $? != 0 ]] ; then\n    cat << EOM\nerror: The sandbox is not in sync with the Podfile.lock. Run 'pod install' or update your CocoaPods installation.\nEOM\n    exit 1\nfi\n";
			showEnvVarsInLog = 0;
		};
/* End PBXShellScriptBuildPhase section */

/* Begin PBXSourcesBuildPhase section */
		6D5CEDC717B136FB0014EAB1 /* Sources */ = {
			isa = PBXSourcesBuildPhase;
			buildActionMask = 2147483647;
			files = (
				6D5CEDDB17B136FB0014EAB1 /* main.m in Sources */,
				6D5CEDDF17B136FB0014EAB1 /* TWAppDelegate.m in Sources */,
				6D5CEE0F17B13EB60014EAB1 /* TWRestAPI.m in Sources */,
				6D5CEE1317B13ECE0014EAB1 /* TWRestDefines.m in Sources */,
				6D5CEE1717B13F410014EAB1 /* TWRestHTTPClient.m in Sources */,
				6D5CEE1C17B1900E0014EAB1 /* TWRepo.m in Sources */,
				6D5CEE2117B199320014EAB1 /* TWParser.m in Sources */,
				6D5CEE2517B1996A0014EAB1 /* TWRepoCollection.m in Sources */,
				6D5CEE2A17B25A840014EAB1 /* TWUtils.m in Sources */,
				6D5CEE3717B278700014EAB1 /* TWRepoDetails.m in Sources */,
				6D5CEE3B17B286910014EAB1 /* TWBuild.m in Sources */,
				6D5CEE3F17B28DE30014EAB1 /* TWBuildCollection.m in Sources */,
				6D5CEE4317B2C99D0014EAB1 /* TWBuildDetails.m in Sources */,
				6D5CEE4717B398E00014EAB1 /* TWMatrixConfig.m in Sources */,
				6D59CD6117B3C32000FE11DE /* TWMatrixItem.m in Sources */,
			);
			runOnlyForDeploymentPostprocessing = 0;
		};
		6D5CEDEB17B13A640014EAB1 /* Sources */ = {
			isa = PBXSourcesBuildPhase;
			buildActionMask = 2147483647;
			files = (
				6D5CEDFA17B13A640014EAB1 /* main.m in Sources */,
				6D5CEE1017B13EB60014EAB1 /* TWRestAPI.m in Sources */,
				6D5CEE1417B13ECE0014EAB1 /* TWRestDefines.m in Sources */,
				6D5CEE1817B13F410014EAB1 /* TWRestHTTPClient.m in Sources */,
				6D5CEE1D17B1900E0014EAB1 /* TWRepo.m in Sources */,
				6D5CEE2217B199320014EAB1 /* TWParser.m in Sources */,
				6D5CEE2617B1996A0014EAB1 /* TWRepoCollection.m in Sources */,
				6D5CEE2B17B25A840014EAB1 /* TWUtils.m in Sources */,
				6D5CEE3417B260ED0014EAB1 /* TWTestRestAPI.m in Sources */,
				6D5CEE3817B278700014EAB1 /* TWRepoDetails.m in Sources */,
				6D5CEE3C17B286910014EAB1 /* TWBuild.m in Sources */,
				6D5CEE4017B28DE30014EAB1 /* TWBuildCollection.m in Sources */,
				6D5CEE4417B2C99D0014EAB1 /* TWBuildDetails.m in Sources */,
				6D5CEE4817B398E00014EAB1 /* TWMatrixConfig.m in Sources */,
				6D59CD6217B3C32000FE11DE /* TWMatrixItem.m in Sources */,
			);
			runOnlyForDeploymentPostprocessing = 0;
		};
/* End PBXSourcesBuildPhase section */

/* Begin PBXVariantGroup section */
		6D5CEDD717B136FB0014EAB1 /* InfoPlist.strings */ = {
			isa = PBXVariantGroup;
			children = (
				6D5CEDD817B136FB0014EAB1 /* en */,
			);
			name = InfoPlist.strings;
			sourceTree = "<group>";
		};
		6D5CEDF617B13A640014EAB1 /* InfoPlist.strings */ = {
			isa = PBXVariantGroup;
			children = (
				6D5CEDF717B13A640014EAB1 /* en */,
			);
			name = InfoPlist.strings;
			sourceTree = "<group>";
		};
/* End PBXVariantGroup section */

/* Begin XCBuildConfiguration section */
		6D5CEDE617B136FB0014EAB1 /* Debug */ = {
			isa = XCBuildConfiguration;
			buildSettings = {
				ALWAYS_SEARCH_USER_PATHS = NO;
				CLANG_CXX_LANGUAGE_STANDARD = "gnu++0x";
				CLANG_CXX_LIBRARY = "libc++";
				CLANG_ENABLE_OBJC_ARC = YES;
				CLANG_WARN_CONSTANT_CONVERSION = YES;
				CLANG_WARN_EMPTY_BODY = YES;
				CLANG_WARN_ENUM_CONVERSION = YES;
				CLANG_WARN_INT_CONVERSION = YES;
				CLANG_WARN__DUPLICATE_METHOD_MATCH = YES;
				"CODE_SIGN_IDENTITY[sdk=iphoneos*]" = "iPhone Developer";
				COPY_PHASE_STRIP = NO;
				GCC_C_LANGUAGE_STANDARD = gnu99;
				GCC_DYNAMIC_NO_PIC = NO;
				GCC_OPTIMIZATION_LEVEL = 0;
				GCC_PREPROCESSOR_DEFINITIONS = (
					"DEBUG=1",
					"$(inherited)",
				);
				GCC_SYMBOLS_PRIVATE_EXTERN = NO;
				GCC_WARN_ABOUT_RETURN_TYPE = YES;
				GCC_WARN_UNINITIALIZED_AUTOS = YES;
				GCC_WARN_UNUSED_VARIABLE = YES;
				IPHONEOS_DEPLOYMENT_TARGET = 5.0;
				ONLY_ACTIVE_ARCH = YES;
				SDKROOT = iphoneos;
				TARGETED_DEVICE_FAMILY = "1,2";
			};
			name = Debug;
		};
		6D5CEDE717B136FB0014EAB1 /* Release */ = {
			isa = XCBuildConfiguration;
			buildSettings = {
				ALWAYS_SEARCH_USER_PATHS = NO;
				CLANG_CXX_LANGUAGE_STANDARD = "gnu++0x";
				CLANG_CXX_LIBRARY = "libc++";
				CLANG_ENABLE_OBJC_ARC = YES;
				CLANG_WARN_CONSTANT_CONVERSION = YES;
				CLANG_WARN_EMPTY_BODY = YES;
				CLANG_WARN_ENUM_CONVERSION = YES;
				CLANG_WARN_INT_CONVERSION = YES;
				CLANG_WARN__DUPLICATE_METHOD_MATCH = YES;
				"CODE_SIGN_IDENTITY[sdk=iphoneos*]" = "iPhone Developer";
				COPY_PHASE_STRIP = YES;
				GCC_C_LANGUAGE_STANDARD = gnu99;
				GCC_WARN_ABOUT_RETURN_TYPE = YES;
				GCC_WARN_UNINITIALIZED_AUTOS = YES;
				GCC_WARN_UNUSED_VARIABLE = YES;
				IPHONEOS_DEPLOYMENT_TARGET = 5.0;
				OTHER_CFLAGS = "-DNS_BLOCK_ASSERTIONS=1";
				SDKROOT = iphoneos;
				TARGETED_DEVICE_FAMILY = "1,2";
				VALIDATE_PRODUCT = YES;
			};
			name = Release;
		};
		6D5CEDE917B136FB0014EAB1 /* Debug */ = {
			isa = XCBuildConfiguration;
			baseConfigurationReference = C05377ED74EE40E78F31EAA5 /* Pods.xcconfig */;
			buildSettings = {
				GCC_PRECOMPILE_PREFIX_HEADER = YES;
				GCC_PREFIX_HEADER = "TravisCIWrapper/TravisCIWrapper-Prefix.pch";
				INFOPLIST_FILE = "TravisCIWrapper/TravisCIWrapper-Info.plist";
				PRODUCT_NAME = "$(TARGET_NAME)";
				WRAPPER_EXTENSION = app;
			};
			name = Debug;
		};
		6D5CEDEA17B136FB0014EAB1 /* Release */ = {
			isa = XCBuildConfiguration;
			baseConfigurationReference = C05377ED74EE40E78F31EAA5 /* Pods.xcconfig */;
			buildSettings = {
				GCC_PRECOMPILE_PREFIX_HEADER = YES;
				GCC_PREFIX_HEADER = "TravisCIWrapper/TravisCIWrapper-Prefix.pch";
				INFOPLIST_FILE = "TravisCIWrapper/TravisCIWrapper-Info.plist";
				PRODUCT_NAME = "$(TARGET_NAME)";
				WRAPPER_EXTENSION = app;
			};
			name = Release;
		};
		6D5CEE0517B13A640014EAB1 /* Debug */ = {
			isa = XCBuildConfiguration;
			baseConfigurationReference = C05377ED74EE40E78F31EAA5 /* Pods.xcconfig */;
			buildSettings = {
				"CODE_SIGN_IDENTITY[sdk=iphoneos*]" = "iPhone Developer";
				GCC_PRECOMPILE_PREFIX_HEADER = YES;
				GCC_PREFIX_HEADER = "TravisCIWrapperTests/TravisCIWrapperTests-Prefix.pch";
				INFOPLIST_FILE = "TravisCIWrapperTests/TravisCIWrapperTests-Info.plist";
				OTHER_LDFLAGS = (
					"-ObjC",
					"-all_load",
					"-framework",
					CoreGraphics,
					"-framework",
					MobileCoreServices,
					"-framework",
					Security,
					"-framework",
					SystemConfiguration,
				);
				PRODUCT_NAME = "$(TARGET_NAME)";
				WRAPPER_EXTENSION = app;
			};
			name = Debug;
		};
		6D5CEE0617B13A640014EAB1 /* Release */ = {
			isa = XCBuildConfiguration;
			baseConfigurationReference = C05377ED74EE40E78F31EAA5 /* Pods.xcconfig */;
			buildSettings = {
				"CODE_SIGN_IDENTITY[sdk=iphoneos*]" = "iPhone Developer";
				GCC_PRECOMPILE_PREFIX_HEADER = YES;
				GCC_PREFIX_HEADER = "TravisCIWrapperTests/TravisCIWrapperTests-Prefix.pch";
				INFOPLIST_FILE = "TravisCIWrapperTests/TravisCIWrapperTests-Info.plist";
				OTHER_LDFLAGS = (
					"-ObjC",
					"-all_load",
					"-framework",
					CoreGraphics,
					"-framework",
					MobileCoreServices,
					"-framework",
					Security,
					"-framework",
					SystemConfiguration,
				);
				PRODUCT_NAME = "$(TARGET_NAME)";
				WRAPPER_EXTENSION = app;
			};
			name = Release;
		};
/* End XCBuildConfiguration section */

/* Begin XCConfigurationList section */
		6D5CEDC617B136FB0014EAB1 /* Build configuration list for PBXProject "TravisCIWrapper" */ = {
			isa = XCConfigurationList;
			buildConfigurations = (
				6D5CEDE617B136FB0014EAB1 /* Debug */,
				6D5CEDE717B136FB0014EAB1 /* Release */,
			);
			defaultConfigurationIsVisible = 0;
			defaultConfigurationName = Release;
		};
		6D5CEDE817B136FB0014EAB1 /* Build configuration list for PBXNativeTarget "TravisCIWrapper" */ = {
			isa = XCConfigurationList;
			buildConfigurations = (
				6D5CEDE917B136FB0014EAB1 /* Debug */,
				6D5CEDEA17B136FB0014EAB1 /* Release */,
			);
			defaultConfigurationIsVisible = 0;
			defaultConfigurationName = Release;
		};
		6D5CEE0717B13A640014EAB1 /* Build configuration list for PBXNativeTarget "TravisCIWrapperTests" */ = {
			isa = XCConfigurationList;
			buildConfigurations = (
				6D5CEE0517B13A640014EAB1 /* Debug */,
				6D5CEE0617B13A640014EAB1 /* Release */,
			);
			defaultConfigurationIsVisible = 0;
			defaultConfigurationName = Release;
		};
/* End XCConfigurationList section */
	};
	rootObject = 6D5CEDC317B136FB0014EAB1 /* Project object */;
}
